
Microsoft Visual Studio Solution File, Format Version 12.00
# Visual Studio Version 17
VisualStudioVersion = 17.9.34607.119
MinimumVisualStudioVersion = 10.0.40219.1
Project("{FAE04EC0-301F-11D3-BF4B-00C04F79EFBC}") = "MultiLocations1884", "MultiLocations1884\MultiLocations1884.csproj", "{BFF51083-8661-453B-9A44-9CF8480536C9}"
EndProject
Global
	GlobalSection(SolutionConfigurationPlatforms) = preSolution
		Debug|Any CPU = Debug|Any CPU
		Release|Any CPU = Release|Any CPU
	EndGlobalSection
	GlobalSection(ProjectConfigurationPlatforms) = postSolution
		{BFF51083-8661-453B-9A44-9CF8480536C9}.Debug|Any CPU.ActiveCfg = Debug|Any CPU
		{BFF51083-8661-453B-9A44-9CF8480536C9}.Debug|Any CPU.Build.0 = Debug|Any CPU
		{BFF51083-8661-453B-9A44-9CF8480536C9}.Release|Any CPU.ActiveCfg = Release|Any CPU
		{BFF51083-8661-453B-9A44-9CF8480536C9}.Release|Any CPU.Build.0 = Release|Any CPU
	EndGlobalSection
	GlobalSection(SolutionProperties) = preSolution
		HideSolutionNode = FALSE
	EndGlobalSection
	GlobalSection(ExtensibilityGlobals) = postSolution
		SolutionGuid = {F8E83E11-2584-4BC7-9084-91B9AF7AE542}
	EndGlobalSection
EndGlobal
